
Microsoft Visual Studio Solution File, Format Version 12.00
# Visual Studio 15
VisualStudioVersion = 15.0.28307.421
MinimumVisualStudioVersion = 10.0.40219.1
Project("{FAE04EC0-301F-11D3-BF4B-00C04F79EFBC}") = "OnlineShop", "OnlineShop\OnlineShop.csproj", "{FCB140FA-7899-449A-AD90-80705ED8A21C}"
EndProject
Global
	GlobalSection(SolutionConfigurationPlatforms) = preSolution
		Debug|Any CPU = Debug|Any CPU
		Release|Any CPU = Release|Any CPU
	EndGlobalSection
	GlobalSection(ProjectConfigurationPlatforms) = postSolution
		{FCB140FA-7899-449A-AD90-80705ED8A21C}.Debug|Any CPU.ActiveCfg = Debug|Any CPU
		{FCB140FA-7899-449A-AD90-80705ED8A21C}.Debug|Any CPU.Build.0 = Debug|Any CPU
		{FCB140FA-7899-449A-AD90-80705ED8A21C}.Release|Any CPU.ActiveCfg = Release|Any CPU
		{FCB140FA-7899-449A-AD90-80705ED8A21C}.Release|Any CPU.Build.0 = Release|Any CPU
	EndGlobalSection
	GlobalSection(SolutionProperties) = preSolution
		HideSolutionNode = FALSE
	EndGlobalSection
	GlobalSection(ExtensibilityGlobals) = postSolution
		SolutionGuid = {21B41046-2AEF-4A4B-841A-62212AB884EA}
	EndGlobalSection
EndGlobal
